
Microsoft Visual Studio Solution File, Format Version 12.00
# Visual Studio Version 17
VisualStudioVersion = 17.0.31903.59
MinimumVisualStudioVersion = 10.0.40219.1
Project("{FAE04EC0-301F-11D3-BF4B-00C04F79EFBC}") = "Tyuiu.MolodchikovEE.Sprint4.Task0.V22.Lib", "Tyuiu.MolodchikovEE.Sprint4.Task0.V22.Lib\Tyuiu.MolodchikovEE.Sprint4.Task0.V22.Lib.csproj", "{973367F2-25C4-45C0-A959-434967ED0964}"
EndProject
Project("{FAE04EC0-301F-11D3-BF4B-00C04F79EFBC}") = "Tyuiu.MolodchikovEE.Sprint4.Task0.V22", "Tyuiu.MolodchikovEE.Sprint4.Task0.V22\Tyuiu.MolodchikovEE.Sprint4.Task0.V22.csproj", "{51C860E2-22A1-484B-B211-FE66144892EB}"
EndProject
Project("{FAE04EC0-301F-11D3-BF4B-00C04F79EFBC}") = "Tyuiu.MolodchikovEE.Sprint4.Task0.V22.Test", "Tyuiu.MolodchikovEE.Sprint4.Task0.V22.Test\Tyuiu.MolodchikovEE.Sprint4.Task0.V22.Test.csproj", "{FDC9BA84-2A55-4C24-9603-8071549E96B6}"
EndProject
Project("{FAE04EC0-301F-11D3-BF4B-00C04F79EFBC}") = "Tyuiu.MolodchikovEE.Sprint4.Task1.V19.Lib", "Tyuiu.MolodchikovEE.Sprint4.Task1.V19.Lib\Tyuiu.MolodchikovEE.Sprint4.Task1.V19.Lib.csproj", "{AADD227F-16D7-4783-8B78-154EEDFDBB65}"
EndProject
Project("{FAE04EC0-301F-11D3-BF4B-00C04F79EFBC}") = "Tyuiu.MolodchikovEE.Sprint4.Task1.V19", "Tyuiu.MolodchikovEE.Sprint4.Task1.V19\Tyuiu.MolodchikovEE.Sprint4.Task1.V19.csproj", "{EE414500-68A9-4926-A6A1-3D76D418DD4B}"
EndProject
Project("{FAE04EC0-301F-11D3-BF4B-00C04F79EFBC}") = "Tyuiu.MolodchikovEE.Sprint4.Task1.V19.Test", "Tyuiu.MolodchikovEE.Sprint4.Task1.V19.Test\Tyuiu.MolodchikovEE.Sprint4.Task1.V19.Test.csproj", "{7FE98B6E-8BC2-4D36-B15C-49E5E22D9837}"
EndProject
Project("{FAE04EC0-301F-11D3-BF4B-00C04F79EFBC}") = "Tyuiu.MolodchikovEE.Sprint4.Task2.V4.Lib", "Tyuiu.MolodchikovEE.Sprint4.Task2.V4.Lib\Tyuiu.MolodchikovEE.Sprint4.Task2.V4.Lib.csproj", "{E57D4C5C-36AB-4444-BAD9-01D0B5E3F2E2}"
EndProject
Project("{FAE04EC0-301F-11D3-BF4B-00C04F79EFBC}") = "Tyuiu.MolodchikovEE.Sprint4.Task2.V4", "Tyuiu.MolodchikovEE.Sprint4.Task2.V4\Tyuiu.MolodchikovEE.Sprint4.Task2.V4.csproj", "{98C8D264-79E6-4E73-ACD0-A5FF3B04B761}"
EndProject
Project("{FAE04EC0-301F-11D3-BF4B-00C04F79EFBC}") = "Tyuiu.MolodchikovEE.Sprint4.Task2.V4.Test", "Tyuiu.MolodchikovEE.Sprint4.Task2.V4.Test\Tyuiu.MolodchikovEE.Sprint4.Task2.V4.Test.csproj", "{53816504-7F46-47A1-9C41-F6F038102F0C}"
EndProject
Project("{FAE04EC0-301F-11D3-BF4B-00C04F79EFBC}") = "Tyuiu.MolodchikovEE.Sprint4.Task3.V6.Lib", "Tyuiu.MolodchikovEE.Sprint4.Task3.V6.Lib\Tyuiu.MolodchikovEE.Sprint4.Task3.V6.Lib.csproj", "{88991146-AFA0-4B81-A36D-040D69F21C19}"
EndProject
Project("{FAE04EC0-301F-11D3-BF4B-00C04F79EFBC}") = "Tyuiu.MolodchikovEE.Sprint4.Task3.V6", "Tyuiu.MolodchikovEE.Sprint4.Task3.V6\Tyuiu.MolodchikovEE.Sprint4.Task3.V6.csproj", "{6C3214CA-372E-4D99-ABD9-2249D380540D}"
EndProject
Project("{FAE04EC0-301F-11D3-BF4B-00C04F79EFBC}") = "Tyuiu.MolodchikovEE.Sprint4.Task3.V6.Test", "Tyuiu.MolodchikovEE.Sprint4.Task3.V6.Test\Tyuiu.MolodchikovEE.Sprint4.Task3.V6.Test.csproj", "{9AE4A145-EDA5-4153-911D-C2AE231DF9D9}"
EndProject
Project("{FAE04EC0-301F-11D3-BF4B-00C04F79EFBC}") = "Tyuiu.MolodchikovEE.Sprint4.Task4.V2.Lib", "Tyuiu.MolodchikovEE.Sprint4.Task4.V2.Lib\Tyuiu.MolodchikovEE.Sprint4.Task4.V2.Lib.csproj", "{62602CE5-6EAE-407A-B461-820C80CDD771}"
EndProject
Project("{FAE04EC0-301F-11D3-BF4B-00C04F79EFBC}") = "Tyuiu.MolodchikovEE.Sprint4.Task4.V2", "Tyuiu.MolodchikovEE.Sprint4.Task4.V2\Tyuiu.MolodchikovEE.Sprint4.Task4.V2.csproj", "{A7B713C6-882E-4D1E-9EE6-89C64067C8EB}"
EndProject
Project("{FAE04EC0-301F-11D3-BF4B-00C04F79EFBC}") = "Tyuiu.MolodchikovEE.Sprint4.Task4.V2.Test", "Tyuiu.MolodchikovEE.Sprint4.Task4.V2.Test\Tyuiu.MolodchikovEE.Sprint4.Task4.V2.Test.csproj", "{AB8D7102-5739-40F7-9FA8-4783245B61DA}"
EndProject
Project("{FAE04EC0-301F-11D3-BF4B-00C04F79EFBC}") = "Tyuiu.MolodchikovEE.Sprint4.Task5.V26.Lib", "Tyuiu.MolodchikovEE.Sprint4.Task5.V26.Lib\Tyuiu.MolodchikovEE.Sprint4.Task5.V26.Lib.csproj", "{039CBE18-B7E7-46D2-84AE-62678DFE65F5}"
EndProject
Project("{FAE04EC0-301F-11D3-BF4B-00C04F79EFBC}") = "Tyuiu.MolodchikovEE.Sprint4.Task5.V26", "Tyuiu.MolodchikovEE.Sprint4.Task5.V26\Tyuiu.MolodchikovEE.Sprint4.Task5.V26.csproj", "{4D8862B5-592A-4537-A2E6-BF57C39587ED}"
EndProject
Project("{FAE04EC0-301F-11D3-BF4B-00C04F79EFBC}") = "Tyuiu.MolodchikovEE.Sprint4.Task5.V26.Test", "Tyuiu.MolodchikovEE.Sprint4.Task5.V26.Test\Tyuiu.MolodchikovEE.Sprint4.Task5.V26.Test.csproj", "{116CAD77-FBE1-452E-9DA4-CAAE91F76922}"
EndProject
Global
	GlobalSection(SolutionConfigurationPlatforms) = preSolution
		Debug|Any CPU = Debug|Any CPU
		Release|Any CPU = Release|Any CPU
	EndGlobalSection
	GlobalSection(SolutionProperties) = preSolution
		HideSolutionNode = FALSE
	EndGlobalSection
	GlobalSection(ProjectConfigurationPlatforms) = postSolution
		{973367F2-25C4-45C0-A959-434967ED0964}.Debug|Any CPU.ActiveCfg = Debug|Any CPU
		{973367F2-25C4-45C0-A959-434967ED0964}.Debug|Any CPU.Build.0 = Debug|Any CPU
		{973367F2-25C4-45C0-A959-434967ED0964}.Release|Any CPU.ActiveCfg = Release|Any CPU
		{973367F2-25C4-45C0-A959-434967ED0964}.Release|Any CPU.Build.0 = Release|Any CPU
		{51C860E2-22A1-484B-B211-FE66144892EB}.Debug|Any CPU.ActiveCfg = Debug|Any CPU
		{51C860E2-22A1-484B-B211-FE66144892EB}.Debug|Any CPU.Build.0 = Debug|Any CPU
		{51C860E2-22A1-484B-B211-FE66144892EB}.Release|Any CPU.ActiveCfg = Release|Any CPU
		{51C860E2-22A1-484B-B211-FE66144892EB}.Release|Any CPU.Build.0 = Release|Any CPU
		{FDC9BA84-2A55-4C24-9603-8071549E96B6}.Debug|Any CPU.ActiveCfg = Debug|Any CPU
		{FDC9BA84-2A55-4C24-9603-8071549E96B6}.Debug|Any CPU.Build.0 = Debug|Any CPU
		{FDC9BA84-2A55-4C24-9603-8071549E96B6}.Release|Any CPU.ActiveCfg = Release|Any CPU
		{FDC9BA84-2A55-4C24-9603-8071549E96B6}.Release|Any CPU.Build.0 = Release|Any CPU
		{AADD227F-16D7-4783-8B78-154EEDFDBB65}.Debug|Any CPU.ActiveCfg = Debug|Any CPU
		{AADD227F-16D7-4783-8B78-154EEDFDBB65}.Debug|Any CPU.Build.0 = Debug|Any CPU
		{AADD227F-16D7-4783-8B78-154EEDFDBB65}.Release|Any CPU.ActiveCfg = Release|Any CPU
		{AADD227F-16D7-4783-8B78-154EEDFDBB65}.Release|Any CPU.Build.0 = Release|Any CPU
		{EE414500-68A9-4926-A6A1-3D76D418DD4B}.Debug|Any CPU.ActiveCfg = Debug|Any CPU
		{EE414500-68A9-4926-A6A1-3D76D418DD4B}.Debug|Any CPU.Build.0 = Debug|Any CPU
		{EE414500-68A9-4926-A6A1-3D76D418DD4B}.Release|Any CPU.ActiveCfg = Release|Any CPU
		{EE414500-68A9-4926-A6A1-3D76D418DD4B}.Release|Any CPU.Build.0 = Release|Any CPU
		{7FE98B6E-8BC2-4D36-B15C-49E5E22D9837}.Debug|Any CPU.ActiveCfg = Debug|Any CPU
		{7FE98B6E-8BC2-4D36-B15C-49E5E22D9837}.Debug|Any CPU.Build.0 = Debug|Any CPU
		{7FE98B6E-8BC2-4D36-B15C-49E5E22D9837}.Release|Any CPU.ActiveCfg = Release|Any CPU
		{7FE98B6E-8BC2-4D36-B15C-49E5E22D9837}.Release|Any CPU.Build.0 = Release|Any CPU
		{E57D4C5C-36AB-4444-BAD9-01D0B5E3F2E2}.Debug|Any CPU.ActiveCfg = Debug|Any CPU
		{E57D4C5C-36AB-4444-BAD9-01D0B5E3F2E2}.Debug|Any CPU.Build.0 = Debug|Any CPU
		{E57D4C5C-36AB-4444-BAD9-01D0B5E3F2E2}.Release|Any CPU.ActiveCfg = Release|Any CPU
		{E57D4C5C-36AB-4444-BAD9-01D0B5E3F2E2}.Release|Any CPU.Build.0 = Release|Any CPU
		{98C8D264-79E6-4E73-ACD0-A5FF3B04B761}.Debug|Any CPU.ActiveCfg = Debug|Any CPU
		{98C8D264-79E6-4E73-ACD0-A5FF3B04B761}.Debug|Any CPU.Build.0 = Debug|Any CPU
		{98C8D264-79E6-4E73-ACD0-A5FF3B04B761}.Release|Any CPU.ActiveCfg = Release|Any CPU
		{98C8D264-79E6-4E73-ACD0-A5FF3B04B761}.Release|Any CPU.Build.0 = Release|Any CPU
		{53816504-7F46-47A1-9C41-F6F038102F0C}.Debug|Any CPU.ActiveCfg = Debug|Any CPU
		{53816504-7F46-47A1-9C41-F6F038102F0C}.Debug|Any CPU.Build.0 = Debug|Any CPU
		{53816504-7F46-47A1-9C41-F6F038102F0C}.Release|Any CPU.ActiveCfg = Release|Any CPU
		{53816504-7F46-47A1-9C41-F6F038102F0C}.Release|Any CPU.Build.0 = Release|Any CPU
		{88991146-AFA0-4B81-A36D-040D69F21C19}.Debug|Any CPU.ActiveCfg = Debug|Any CPU
		{88991146-AFA0-4B81-A36D-040D69F21C19}.Debug|Any CPU.Build.0 = Debug|Any CPU
		{88991146-AFA0-4B81-A36D-040D69F21C19}.Release|Any CPU.ActiveCfg = Release|Any CPU
		{88991146-AFA0-4B81-A36D-040D69F21C19}.Release|Any CPU.Build.0 = Release|Any CPU
		{6C3214CA-372E-4D99-ABD9-2249D380540D}.Debug|Any CPU.ActiveCfg = Debug|Any CPU
		{6C3214CA-372E-4D99-ABD9-2249D380540D}.Debug|Any CPU.Build.0 = Debug|Any CPU
		{6C3214CA-372E-4D99-ABD9-2249D380540D}.Release|Any CPU.ActiveCfg = Release|Any CPU
		{6C3214CA-372E-4D99-ABD9-2249D380540D}.Release|Any CPU.Build.0 = Release|Any CPU
		{9AE4A145-EDA5-4153-911D-C2AE231DF9D9}.Debug|Any CPU.ActiveCfg = Debug|Any CPU
		{9AE4A145-EDA5-4153-911D-C2AE231DF9D9}.Debug|Any CPU.Build.0 = Debug|Any CPU
		{9AE4A145-EDA5-4153-911D-C2AE231DF9D9}.Release|Any CPU.ActiveCfg = Release|Any CPU
		{9AE4A145-EDA5-4153-911D-C2AE231DF9D9}.Release|Any CPU.Build.0 = Release|Any CPU
		{62602CE5-6EAE-407A-B461-820C80CDD771}.Debug|Any CPU.ActiveCfg = Debug|Any CPU
		{62602CE5-6EAE-407A-B461-820C80CDD771}.Debug|Any CPU.Build.0 = Debug|Any CPU
		{62602CE5-6EAE-407A-B461-820C80CDD771}.Release|Any CPU.ActiveCfg = Release|Any CPU
		{62602CE5-6EAE-407A-B461-820C80CDD771}.Release|Any CPU.Build.0 = Release|Any CPU
		{A7B713C6-882E-4D1E-9EE6-89C64067C8EB}.Debug|Any CPU.ActiveCfg = Debug|Any CPU
		{A7B713C6-882E-4D1E-9EE6-89C64067C8EB}.Debug|Any CPU.Build.0 = Debug|Any CPU
		{A7B713C6-882E-4D1E-9EE6-89C64067C8EB}.Release|Any CPU.ActiveCfg = Release|Any CPU
		{A7B713C6-882E-4D1E-9EE6-89C64067C8EB}.Release|Any CPU.Build.0 = Release|Any CPU
		{AB8D7102-5739-40F7-9FA8-4783245B61DA}.Debug|Any CPU.ActiveCfg = Debug|Any CPU
		{AB8D7102-5739-40F7-9FA8-4783245B61DA}.Debug|Any CPU.Build.0 = Debug|Any CPU
		{AB8D7102-5739-40F7-9FA8-4783245B61DA}.Release|Any CPU.ActiveCfg = Release|Any CPU
		{AB8D7102-5739-40F7-9FA8-4783245B61DA}.Release|Any CPU.Build.0 = Release|Any CPU
		{039CBE18-B7E7-46D2-84AE-62678DFE65F5}.Debug|Any CPU.ActiveCfg = Debug|Any CPU
		{039CBE18-B7E7-46D2-84AE-62678DFE65F5}.Debug|Any CPU.Build.0 = Debug|Any CPU
		{039CBE18-B7E7-46D2-84AE-62678DFE65F5}.Release|Any CPU.ActiveCfg = Release|Any CPU
		{039CBE18-B7E7-46D2-84AE-62678DFE65F5}.Release|Any CPU.Build.0 = Release|Any CPU
		{4D8862B5-592A-4537-A2E6-BF57C39587ED}.Debug|Any CPU.ActiveCfg = Debug|Any CPU
		{4D8862B5-592A-4537-A2E6-BF57C39587ED}.Debug|Any CPU.Build.0 = Debug|Any CPU
		{4D8862B5-592A-4537-A2E6-BF57C39587ED}.Release|Any CPU.ActiveCfg = Release|Any CPU
		{4D8862B5-592A-4537-A2E6-BF57C39587ED}.Release|Any CPU.Build.0 = Release|Any CPU
		{116CAD77-FBE1-452E-9DA4-CAAE91F76922}.Debug|Any CPU.ActiveCfg = Debug|Any CPU
		{116CAD77-FBE1-452E-9DA4-CAAE91F76922}.Debug|Any CPU.Build.0 = Debug|Any CPU
		{116CAD77-FBE1-452E-9DA4-CAAE91F76922}.Release|Any CPU.ActiveCfg = Release|Any CPU
		{116CAD77-FBE1-452E-9DA4-CAAE91F76922}.Release|Any CPU.Build.0 = Release|Any CPU
	EndGlobalSection
EndGlobal
